
Microsoft Visual Studio Solution File, Format Version 12.00
# Visual Studio Version 17
VisualStudioVersion = 17.10.35013.160
MinimumVisualStudioVersion = 10.0.40219.1
Project("{9A19103F-16F7-4668-BE54-9A1E7A4F7556}") = "InstagramEmbed.Application", "InstagramEmbedForDiscord\InstagramEmbed.Application.csproj", "{FD31C0A6-F04D-4D47-ABDB-96217BF0B8C2}"
EndProject
Project("{FAE04EC0-301F-11D3-BF4B-00C04F79EFBC}") = "InstagramEmbed.Web", "Web\InstagramEmbed.Web.csproj", "{2B3F394F-9155-4077-B8E5-1F718C3034DF}"
EndProject
Project("{FAE04EC0-301F-11D3-BF4B-00C04F79EFBC}") = "InstagramEmbed.DataAccess", "DataAccess\InstagramEmbed.DataAccess.csproj", "{BB7FBFB6-7376-43A2-A123-A9A0445BB6F9}"
EndProject
Project("{FAE04EC0-301F-11D3-BF4B-00C04F79EFBC}") = "InstagramEmbed.Domain", "InstagramEmbed.Domain\InstagramEmbed.Domain.csproj", "{A637E985-F742-4B3D-9310-B911EAAF65A5}"
EndProject
Global
	GlobalSection(SolutionConfigurationPlatforms) = preSolution
		Debug|Any CPU = Debug|Any CPU
		Release|Any CPU = Release|Any CPU
	EndGlobalSection
	GlobalSection(ProjectConfigurationPlatforms) = postSolution
		{FD31C0A6-F04D-4D47-ABDB-96217BF0B8C2}.Debug|Any CPU.ActiveCfg = Debug|Any CPU
		{FD31C0A6-F04D-4D47-ABDB-96217BF0B8C2}.Debug|Any CPU.Build.0 = Debug|Any CPU
		{FD31C0A6-F04D-4D47-ABDB-96217BF0B8C2}.Release|Any CPU.ActiveCfg = Release|Any CPU
		{FD31C0A6-F04D-4D47-ABDB-96217BF0B8C2}.Release|Any CPU.Build.0 = Release|Any CPU
		{2B3F394F-9155-4077-B8E5-1F718C3034DF}.Debug|Any CPU.ActiveCfg = Debug|Any CPU
		{2B3F394F-9155-4077-B8E5-1F718C3034DF}.Debug|Any CPU.Build.0 = Debug|Any CPU
		{2B3F394F-9155-4077-B8E5-1F718C3034DF}.Release|Any CPU.ActiveCfg = Release|Any CPU
		{2B3F394F-9155-4077-B8E5-1F718C3034DF}.Release|Any CPU.Build.0 = Release|Any CPU
		{BB7FBFB6-7376-43A2-A123-A9A0445BB6F9}.Debug|Any CPU.ActiveCfg = Debug|Any CPU
		{BB7FBFB6-7376-43A2-A123-A9A0445BB6F9}.Debug|Any CPU.Build.0 = Debug|Any CPU
		{BB7FBFB6-7376-43A2-A123-A9A0445BB6F9}.Release|Any CPU.ActiveCfg = Release|Any CPU
		{BB7FBFB6-7376-43A2-A123-A9A0445BB6F9}.Release|Any CPU.Build.0 = Release|Any CPU
		{A637E985-F742-4B3D-9310-B911EAAF65A5}.Debug|Any CPU.ActiveCfg = Debug|Any CPU
		{A637E985-F742-4B3D-9310-B911EAAF65A5}.Debug|Any CPU.Build.0 = Debug|Any CPU
		{A637E985-F742-4B3D-9310-B911EAAF65A5}.Release|Any CPU.ActiveCfg = Release|Any CPU
		{A637E985-F742-4B3D-9310-B911EAAF65A5}.Release|Any CPU.Build.0 = Release|Any CPU
	EndGlobalSection
	GlobalSection(SolutionProperties) = preSolution
		HideSolutionNode = FALSE
	EndGlobalSection
	GlobalSection(ExtensibilityGlobals) = postSolution
		SolutionGuid = {62A4B5E2-EC6A-4C32-8711-245E7AB54DA3}
	EndGlobalSection
EndGlobal
