
Microsoft Visual Studio Solution File, Format Version 12.00
# Visual Studio Version 17
VisualStudioVersion = 17.10.35013.160
MinimumVisualStudioVersion = 10.0.40219.1
Project("{9A19103F-16F7-4668-BE54-9A1E7A4F7556}") = "InstagramEmbed.Application", "InstagramEmbedForDiscord\InstagramEmbed.Application.csproj", "{FD31C0A6-F04D-4D47-ABDB-96217BF0B8C2}"
EndProject
Project("{9A19103F-16F7-4668-BE54-9A1E7A4F7556}") = "InstagramEmbed.DataAccess", "InstagramEmbed.DataAccess\InstagramEmbed.DataAccess.csproj", "{AE256A7F-9E38-4586-8CB2-958680082DA8}"
EndProject
Project("{9A19103F-16F7-4668-BE54-9A1E7A4F7556}") = "InstagramEmbed.Domain", "InstagramEmbed.Domain\InstagramEmbed.Domain.csproj", "{46AD03E7-B25F-4ACF-8615-3FE5B9A7EB89}"
EndProject
Project("{FAE04EC0-301F-11D3-BF4B-00C04F79EFBC}") = "InstagramEmbed.Web.Server", "InstagramEmbed.Web\InstagramEmbed.Web.Server\InstagramEmbed.Web.Server.csproj", "{AF1128E5-A5D3-43AA-8BDC-DBF6DE7E2511}"
EndProject
Project("{54A90642-561A-4BB1-A94E-469ADEE60C69}") = "instagramembed.web.client", "InstagramEmbed.Web\instagramembed.web.client\instagramembed.web.client.esproj", "{083397D2-8927-4FBD-BBE2-5F3A4DCBD779}"
EndProject
Global
	GlobalSection(SolutionConfigurationPlatforms) = preSolution
		Debug|Any CPU = Debug|Any CPU
		Release|Any CPU = Release|Any CPU
	EndGlobalSection
	GlobalSection(ProjectConfigurationPlatforms) = postSolution
		{FD31C0A6-F04D-4D47-ABDB-96217BF0B8C2}.Debug|Any CPU.ActiveCfg = Debug|Any CPU
		{FD31C0A6-F04D-4D47-ABDB-96217BF0B8C2}.Debug|Any CPU.Build.0 = Debug|Any CPU
		{FD31C0A6-F04D-4D47-ABDB-96217BF0B8C2}.Release|Any CPU.ActiveCfg = Release|Any CPU
		{FD31C0A6-F04D-4D47-ABDB-96217BF0B8C2}.Release|Any CPU.Build.0 = Release|Any CPU
		{AE256A7F-9E38-4586-8CB2-958680082DA8}.Debug|Any CPU.ActiveCfg = Debug|Any CPU
		{AE256A7F-9E38-4586-8CB2-958680082DA8}.Debug|Any CPU.Build.0 = Debug|Any CPU
		{AE256A7F-9E38-4586-8CB2-958680082DA8}.Release|Any CPU.ActiveCfg = Release|Any CPU
		{AE256A7F-9E38-4586-8CB2-958680082DA8}.Release|Any CPU.Build.0 = Release|Any CPU
		{46AD03E7-B25F-4ACF-8615-3FE5B9A7EB89}.Debug|Any CPU.ActiveCfg = Debug|Any CPU
		{46AD03E7-B25F-4ACF-8615-3FE5B9A7EB89}.Debug|Any CPU.Build.0 = Debug|Any CPU
		{46AD03E7-B25F-4ACF-8615-3FE5B9A7EB89}.Release|Any CPU.ActiveCfg = Release|Any CPU
		{46AD03E7-B25F-4ACF-8615-3FE5B9A7EB89}.Release|Any CPU.Build.0 = Release|Any CPU
		{AF1128E5-A5D3-43AA-8BDC-DBF6DE7E2511}.Debug|Any CPU.ActiveCfg = Debug|Any CPU
		{AF1128E5-A5D3-43AA-8BDC-DBF6DE7E2511}.Debug|Any CPU.Build.0 = Debug|Any CPU
		{AF1128E5-A5D3-43AA-8BDC-DBF6DE7E2511}.Release|Any CPU.ActiveCfg = Release|Any CPU
		{AF1128E5-A5D3-43AA-8BDC-DBF6DE7E2511}.Release|Any CPU.Build.0 = Release|Any CPU
		{083397D2-8927-4FBD-BBE2-5F3A4DCBD779}.Debug|Any CPU.ActiveCfg = Debug|Any CPU
		{083397D2-8927-4FBD-BBE2-5F3A4DCBD779}.Debug|Any CPU.Build.0 = Debug|Any CPU
		{083397D2-8927-4FBD-BBE2-5F3A4DCBD779}.Debug|Any CPU.Deploy.0 = Debug|Any CPU
		{083397D2-8927-4FBD-BBE2-5F3A4DCBD779}.Release|Any CPU.ActiveCfg = Release|Any CPU
		{083397D2-8927-4FBD-BBE2-5F3A4DCBD779}.Release|Any CPU.Build.0 = Release|Any CPU
		{083397D2-8927-4FBD-BBE2-5F3A4DCBD779}.Release|Any CPU.Deploy.0 = Release|Any CPU
	EndGlobalSection
	GlobalSection(SolutionProperties) = preSolution
		HideSolutionNode = FALSE
	EndGlobalSection
	GlobalSection(ExtensibilityGlobals) = postSolution
		SolutionGuid = {62A4B5E2-EC6A-4C32-8711-245E7AB54DA3}
	EndGlobalSection
EndGlobal
